hash: cb92460d17d644ea93a673f68dd8f6e6b662c539c5177b9f36102246c240a644
updated: 2018-01-24T12:52:04.432583614+01:00
imports:
- name: github.com/autopilothq/banks
  version: b41f32478927848504676adea51a3ac796a92fe3
  repo: git@github.com:autopilothq/banks.git
  subpackages:
  - acceptors
  - acceptors/nats
  - banks
  - client
  - cluster
  - command
  - config
  - contract
  - contract/register
  - contract/types
  - discovery/cluster
  - discovery/errors
  - discovery/nats
  - discovery/strategies/dns
  - discovery/strategies/nats
  - dispatch
  - dispatch/registry
  - estimator
  - kv
  - kv/bolt
  - kv/comparators
  - kv/encoding
  - kv/keys
  - meta
  - morse
  - natshelper
  - natshelper/connection
  - natshelper/gather
  - natshelper/payload
  - protocol
  - protocol/marshalable
  - protocol/types
  - resource
  - resource/core
  - resourcefile/entities
  - resources/Datascopes
  - resources/Datascopes/Default
  - resources/Datascopes/protocol
  - resources/Ident
  - resources/Ident/Default
  - resources/Ident/protocol
  - resources/Migrations
  - resources/Migrations/Default
  - resources/Migrations/protocol
  - resources/Nodes
  - resources/Nodes/Default
  - resources/Nodes/protocol
  - resources/NullMigrations
  - resources/NullMigrations/Default
  - resources/NullMigrations/protocol
  - resources/Protocols
  - resources/Protocols/Default
  - resources/Protocols/protocol
  - resources/register
  - server
  - server/health
  - server/state
  - strongbox
  - strongbox/datascopes
  - strongbox/keyspace
  - strongbox/leases
  - strongbox/nodes
  - strongbox/nullMigrations
  - strongbox/storageDefaults
  - strongbox/storagePlans
  - strongbox/tasks
  - supervision
  - supervision/failure
  - supervision/tokens
  - types
  - util
  - util/backoff
  - util/hlc
  - util/pb
  - util/token
- name: github.com/autopilothq/consensus
  version: 1ff676be32e9e532e4352281b2bf43a358ed56df
  repo: git@github.com:autopilothq/consensus.git
  subpackages:
  - client
  - marshal
  - meta
  - nodes
  - protocol
  - raft
  - raftpb
  - storage
  - storage/memory
  - transport
  - transport/http
  - transport/pb
  - transport/snapshotter
  - transport/snapshotter/fs
  - types
  - util
  - util/crc
  - util/pbutil
  - util/tlsutil
  - wal
- name: github.com/autopilothq/goterminus
  version: 820ed055ea174865df4255fe4a81e45953cde3b7
- name: github.com/autopilothq/lg
  version: c5d7f5234ce0dc76934c3eae9eca89182d4857ea
  repo: git@github.com:autopilothq/lg.git
  subpackages:
  - encoding
  - encoding/buffer
  - encoding/json
  - encoding/text
  - encoding/types
- name: github.com/buger/jsonparser
  version: 5096fddd2cca678b0801ece8513a06e580981fd2
- name: github.com/coreos/bbolt
  version: 48ea1b39c25fc1bab3506fbc712ecbaa842c4d2d
- name: github.com/coreos/etcd
  version: 0b9dc9ccd355a9978a9ec1f91f64928da75de4b3
  subpackages:
  - pkg/fileutil
  - pkg/ioutil
  - pkg/pbutil
- name: github.com/coreos/go-semver
  version: 8ab6407b697782a06568d4b7f1db25550ec2e4c6
  subpackages:
  - semver
- name: github.com/coreos/go-systemd
  version: d2196463941895ee908e13531a23a39feb9e1243
  subpackages:
  - daemon
  - journal
  - util
- name: github.com/coreos/pkg
  version: 3ac0863d7acf3bc44daf49afef8919af12f704ef
  subpackages:
  - capnslog
- name: github.com/denisbrodbeck/machineid
  version: 2777226d0340d8da18b49993ce2b4aeb9c1c6929
- name: github.com/dgrijalva/jwt-go
  version: 9ed569b5d1ac936e6494082958d63a6aa4fff99a
- name: github.com/fsnotify/fsnotify
  version: c2828203cd70a50dcccfb2761f8b1f8ceef9a8e9
- name: github.com/gogo/protobuf
  version: 1a78ea63e7f62d64c7630e5980a0dfd623545449
  subpackages:
  - gogoproto
  - io
  - proto
  - protoc-gen-gogo/descriptor
- name: github.com/golang/protobuf
  version: 8ee79997227bf9b34611aee7946ae64735e6fd93
  subpackages:
  - proto
- name: github.com/hashicorp/errwrap
  version: 7554cd9344cec97297fa6649b055a8c98c2a1e55
- name: github.com/hashicorp/go-multierror
  version: 8c5f0ad9360406a3807ce7de6bc73269a91a6e51
- name: github.com/hashicorp/go-version
  version: 4fe82ae3040f80a03d04d2cccb5606a626b8e1ee
- name: github.com/hashicorp/hcl
  version: 23c074d0eceb2b8a5bfdbb271ab780cde70f05a8
  subpackages:
  - hcl/ast
  - hcl/parser
  - hcl/printer
  - hcl/scanner
  - hcl/strconv
  - hcl/token
  - json/parser
  - json/scanner
  - json/token
- name: github.com/IBM-Bluemix/go-cloudant
  version: 0ded5c7f524e9b5c34a69edfe04de5d03436f10f
- name: github.com/inconshreveable/mousetrap
  version: 76626ae9c91c4f2a10f34cad8ce83ea42c93bb75
- name: github.com/labstack/echo
  version: 70b5cfbb26c70668255af545f743b2bd99e6e482
  subpackages:
  - middleware
- name: github.com/labstack/gommon
  version: 447fe7433567c785af957e549aadae2bf2000071
  subpackages:
  - bytes
  - color
  - log
  - random
- name: github.com/magiconair/properties
  version: 49d762b9817ba1c2e9d0c69183c2b4a8b8f1d934
- name: github.com/mailru/easyjson
  version: 32fa128f234d041f196a9f3e0fea5ac9772c08e1
  subpackages:
  - buffer
  - jlexer
  - jwriter
- name: github.com/mattn/go-colorable
  version: 6cc8b475d4682021d75d2cbe2bc481bec4ce98e5
- name: github.com/mattn/go-isatty
  version: 30a891c33c7cde7b02a981314b4228ec99380cca
- name: github.com/miekg/dns
  version: 862243b3b1e77ca9f73771fc95a7148d11cebb55
- name: github.com/mitchellh/mapstructure
  version: b4575eea38cca1123ec2dc90c26529b5c5acfcff
- name: github.com/moul/http2curl
  version: 9ac6cf4d929b2fa8fd2d2e6dec5bb0feb4f4911d
- name: github.com/nats-io/go-nats
  version: 29f9728a183bf3fa7e809e14edac00b33be72088
  subpackages:
  - encoders/builtin
  - util
- name: github.com/nats-io/nuid
  version: a5152d67cf63cbfb5d992a395458722a45194715
- name: github.com/parnurzeal/gorequest
  version: a578a48e8d6ca8b01a3b18314c43c6716bb5f5a3
- name: github.com/pelletier/go-toml
  version: acdc4509485b587f5e675510c4f2c63e90ff68a8
- name: github.com/pkg/errors
  version: 645ef00459ed84a119197bfb8d8205042c6df63d
- name: github.com/pkg/profile
  version: 5b67d428864e92711fcbd2f8629456121a56d91f
- name: github.com/spf13/afero
  version: bb8f1927f2a9d3ab41c9340aa034f6b803f4359c
  subpackages:
  - mem
- name: github.com/spf13/cast
  version: acbeb36b902d72a7a4c18e8f3241075e7ab763e4
- name: github.com/spf13/cobra
  version: 0c34d16c3123764e413b9ed982ada58b1c3d53ea
- name: github.com/spf13/jwalterweatherman
  version: 7c0cea34c8ece3fbeb2b27ab9b59511d360fb394
- name: github.com/spf13/pflag
  version: 4c012f6dcd9546820e378d0bdda4d8fc772cdfea
- name: github.com/spf13/viper
  version: aafc9e6bc7b7bb53ddaa75a5ef49a17d6e654be5
- name: github.com/timjacobi/go-couchdb
  version: 5f9d2a1a29e5b126e51255e92f8c420b0c7a60ac
- name: github.com/tylerb/graceful
  version: 4df1190835320af7076dfcf27b3d071fd3612caf
- name: github.com/valyala/fasttemplate
  version: 3b874956e03f1636d171bda64b130f9135f42cff
- name: github.com/xiang90/probing
  version: 07dd2e8dfe18522e9c447ba95f2fe95262f63bb2
- name: golang.org/x/crypto
  version: 9477e0b78b9ac3d0b03822fd95422e2fe07627cd
  subpackages:
  - acme
  - acme/autocert
  - ed25519
  - ed25519/internal/edwards25519
- name: golang.org/x/net
  version: b1a2d6e8c8b5fc8f601ead62536f02a8e1b6217d
  subpackages:
  - bpf
  - context
  - context/ctxhttp
  - internal/iana
  - internal/netreflect
  - ipv4
  - ipv6
  - publicsuffix
- name: golang.org/x/sync
  version: fd80eb99c8f653c847d294a001bdf2a3a6f768f5
  subpackages:
  - semaphore
- name: golang.org/x/sys
  version: c200b10b5d5e122be351b67af224adc6128af5bf
  subpackages:
  - unix
  - windows
  - windows/registry
- name: golang.org/x/text
  version: b19bf474d317b857955b12035d2c5acb57ce8b01
  subpackages:
  - secure/bidirule
  - transform
  - unicode/bidi
  - unicode/norm
- name: gopkg.in/yaml.v2
  version: d670f9405373e636a5a2765eea47fac0c9bc91a4
testImports:
- name: github.com/onsi/ginkgo
  version: 00054c0bb96fc880d4e0be1b90937fad438c5290
  subpackages:
  - config
  - extensions/table
  - ginkgo
  - internal/codelocation
  - internal/containernode
  - internal/failer
  - internal/leafnodes
  - internal/remote
  - internal/spec
  - internal/specrunner
  - internal/suite
  - internal/testingtproxy
  - internal/writer
  - reporters
  - reporters/stenographer
  - reporters/stenographer/support/go-colorable
  - reporters/stenographer/support/go-isatty
  - types
- name: github.com/onsi/gomega
  version: f1f0f388b31eca4e2cbe7a6dd8a3a1dfddda5b1c
  subpackages:
  - format
  - internal/assertion
  - internal/asyncassertion
  - internal/oraclematcher
  - internal/testingtsupport
  - matchers
  - matchers/support/goraph/bipartitegraph
  - matchers/support/goraph/edge
  - matchers/support/goraph/node
  - matchers/support/goraph/util
  - types
